
Microsoft Visual Studio Solution File, Format Version 12.00
# Visual Studio Version 16
VisualStudioVersion = 16.0.29613.14
MinimumVisualStudioVersion = 10.0.40219.1
Project("{FAE04EC0-301F-11D3-BF4B-00C04F79EFBC}") = "WebStore", "WebStore\WebStore.csproj", "{1BA54FD6-3E27-49C1-B321-DF08FF803199}"
EndProject
Global
	GlobalSection(SolutionConfigurationPlatforms) = preSolution
		Debug|Any CPU = Debug|Any CPU
		Release|Any CPU = Release|Any CPU
	EndGlobalSection
	GlobalSection(ProjectConfigurationPlatforms) = postSolution
		{1BA54FD6-3E27-49C1-B321-DF08FF803199}.Debug|Any CPU.ActiveCfg = Debug|Any CPU
		{1BA54FD6-3E27-49C1-B321-DF08FF803199}.Debug|Any CPU.Build.0 = Debug|Any CPU
		{1BA54FD6-3E27-49C1-B321-DF08FF803199}.Release|Any CPU.ActiveCfg = Release|Any CPU
		{1BA54FD6-3E27-49C1-B321-DF08FF803199}.Release|Any CPU.Build.0 = Release|Any CPU
	EndGlobalSection
	GlobalSection(SolutionProperties) = preSolution
		HideSolutionNode = FALSE
	EndGlobalSection
	GlobalSection(ExtensibilityGlobals) = postSolution
		SolutionGuid = {837B85E7-F45F-45C9-809B-6AAE20949509}
	EndGlobalSection
EndGlobal
